<?xml version="1.0" encoding="utf-8"?>
<Project ToolsVersion="4.0" xmlns="http://schemas.microsoft.com/developer/msbuild/2003">
  <ItemGroup>
    <Filter Include="Source Files">
      <UniqueIdentifier>{4FC737F1-C7A5-4376-A066-2A32D752A2FF}</UniqueIdentifier>
      <Extensions>cpp;c;cc;cxx;def;odl;idl;hpj;bat;asm;asmx</Extensions>
    </Filter>
    <Filter Include="Header Files">
      <UniqueIdentifier>{93995380-89BD-4b04-88EB-625FBE52EBFB}</UniqueIdentifier>
      <Extensions>h;hpp;hxx;hm;inl;inc;xsd</Extensions>
    </Filter>
    <Filter Include="cpp">
      <UniqueIdentifier>{ba7d03a1-db9b-45c5-a9b4-d53da12a5652}</UniqueIdentifier>
    </Filter>
    <Filter Include="cpp\exceptions">
      <UniqueIdentifier>{e4315b29-9cc4-469b-bd53-38b9b25476fb}</UniqueIdentifier>
    </Filter>
  </ItemGroup>
  <ItemGroup>
    <ClCompile Include="exc_common.cpp">
      <Filter>cpp\exceptions</Filter>
    </ClCompile>
    <ClCompile Include="exc_dispatch.cpp">
      <Filter>cpp\exceptions</Filter>
    </ClCompile>
    <ClCompile Include="fh4.cpp">
      <Filter>cpp\exceptions</Filter>
    </ClCompile>
    <ClCompile Include="type_info.cpp">
      <Filter>cpp\exceptions</Filter>
    </ClCompile>
    <ClCompile Include="cpp_support.cpp">
      <Filter>cpp</Filter>
    </ClCompile>
    <ClCompile Include="common.cpp">
      <Filter>Source Files</Filter>
    </ClCompile>
    <ClCompile Include="hook_functions.cpp">
      <Filter>Source Files</Filter>
    </ClCompile>
    <ClCompile Include="hooking.cpp">
      <Filter>Source Files</Filter>
    </ClCompile>
    <ClCompile Include="hypervisor.cpp">
      <Filter>Source Files</Filter>
    </ClCompile>
    <ClCompile Include="invept.cpp">
      <Filter>Source Files</Filter>
    </ClCompile>
    <ClCompile Include="lde.cpp">
      <Filter>Source Files</Filter>
    </ClCompile>
    <ClCompile Include="main.cpp">
      <Filter>Source Files</Filter>
    </ClCompile>
    <ClCompile Include="memory_manager.cpp">
      <Filter>Source Files</Filter>
    </ClCompile>
    <ClCompile Include="pt_handler.cpp">
      <Filter>Source Files</Filter>
    </ClCompile>
    <ClCompile Include="vcpu.cpp">
      <Filter>Source Files</Filter>
    </ClCompile>
    <ClCompile Include="vmexit_handler.cpp">
      <Filter>Source Files</Filter>
    </ClCompile>
    <ClCompile Include="vpid.cpp">
      <Filter>Source Files</Filter>
    </ClCompile>
    <ClCompile Include="win_related.cpp">
      <Filter>Source Files</Filter>
    </ClCompile>
  </ItemGroup>
  <ItemGroup>
    <ClInclude Include="exc_common.hpp">
      <Filter>cpp\exceptions</Filter>
    </ClInclude>
    <ClInclude Include="type_info.hpp">
      <Filter>cpp\exceptions</Filter>
    </ClInclude>
    <ClInclude Include="cpp_support.hpp">
      <Filter>cpp</Filter>
    </ClInclude>
    <ClInclude Include="asm.hpp">
      <Filter>Header Files</Filter>
    </ClInclude>
    <ClInclude Include="common.hpp">
      <Filter>Header Files</Filter>
    </ClInclude>
    <ClInclude Include="delete_constructors.hpp">
      <Filter>Header Files</Filter>
    </ClInclude>
    <ClInclude Include="dpc.hpp">
      <Filter>Header Files</Filter>
    </ClInclude>
    <ClInclude Include="ept.hpp">
      <Filter>Header Files</Filter>
    </ClInclude>
    <ClInclude Include="exit_qualification.hpp">
      <Filter>Header Files</Filter>
    </ClInclude>
    <ClInclude Include="exit_reason.hpp">
      <Filter>Header Files</Filter>
    </ClInclude>
    <ClInclude Include="globals.hpp">
      <Filter>Header Files</Filter>
    </ClInclude>
    <ClInclude Include="hook_functions.hpp">
      <Filter>Header Files</Filter>
    </ClInclude>
    <ClInclude Include="hypervisor.hpp">
      <Filter>Header Files</Filter>
    </ClInclude>
    <ClInclude Include="instruction_error.hpp">
      <Filter>Header Files</Filter>
    </ClInclude>
    <ClInclude Include="invept.hpp">
      <Filter>Header Files</Filter>
    </ClInclude>
    <ClInclude Include="lde.hpp">
      <Filter>Header Files</Filter>
    </ClInclude>
    <ClInclude Include="memory_manager.hpp">
      <Filter>Header Files</Filter>
    </ClInclude>
    <ClInclude Include="msr.hpp">
      <Filter>Header Files</Filter>
    </ClInclude>
    <ClInclude Include="pt_handler.hpp">
      <Filter>Header Files</Filter>
    </ClInclude>
    <ClInclude Include="segment.hpp">
      <Filter>Header Files</Filter>
    </ClInclude>
    <ClInclude Include="vcpu.hpp">
      <Filter>Header Files</Filter>
    </ClInclude>
    <ClInclude Include="vmcall.hpp">
      <Filter>Header Files</Filter>
    </ClInclude>
    <ClInclude Include="vmexit_handler.hpp">
      <Filter>Header Files</Filter>
    </ClInclude>
    <ClInclude Include="vmx.hpp">
      <Filter>Header Files</Filter>
    </ClInclude>
    <ClInclude Include="vpid.hpp">
      <Filter>Header Files</Filter>
    </ClInclude>
    <ClInclude Include="win.hpp">
      <Filter>Header Files</Filter>
    </ClInclude>
    <ClInclude Include="x86-64.hpp">
      <Filter>Header Files</Filter>
    </ClInclude>
    <ClInclude Include="hooking.hpp">
      <Filter>Header Files</Filter>
    </ClInclude>
    <ClInclude Include="win_related.hpp">
      <Filter>Header Files</Filter>
    </ClInclude>
  </ItemGroup>
  <ItemGroup>
    <MASM Include="throw_exception.asm">
      <Filter>cpp\exceptions</Filter>
    </MASM>
    <MASM Include="asm_.asm">
      <Filter>Source Files</Filter>
    </MASM>
    <MASM Include="invept_.asm">
      <Filter>Source Files</Filter>
    </MASM>
    <MASM Include="vcpu_.asm">
      <Filter>Source Files</Filter>
    </MASM>
    <MASM Include="vmcall_.asm">
      <Filter>Source Files</Filter>
    </MASM>
    <MASM Include="vmexit_handler_.asm">
      <Filter>Source Files</Filter>
    </MASM>
    <MASM Include="vpid_.asm">
      <Filter>Source Files</Filter>
    </MASM>
  </ItemGroup>
  <ItemGroup>
    <None Include=".editorconfig" />
  </ItemGroup>
</Project>